
Microsoft Visual Studio Solution File, Format Version 12.00
# Visual Studio Version 16
VisualStudioVersion = 16.0.29209.62
MinimumVisualStudioVersion = 15.0.26124.0
Project("{FAE04EC0-301F-11D3-BF4B-00C04F79EFBC}") = "MongoDbPcf.Web", "MongoDbPcf.Web\MongoDbPcf.Web.csproj", "{1AD96CDA-F196-42B3-A11D-A0582FEB42DC}"
EndProject
Project("{E53339B2-1760-4266-BCC7-CA923CBCF16C}") = "docker-compose", "docker-compose.dcproj", "{B86BBBD8-9460-40A0-9EA3-79EF4BFEE10F}"
EndProject
Project("{2150E333-8FDC-42A3-9474-1A3956D46DE8}") = "Solution Items", "Solution Items", "{476784B7-D56B-4359-BA39-7477CEA97836}"
	ProjectSection(SolutionItems) = preProject
		.gitignore = .gitignore
	EndProjectSection
EndProject
Global
	GlobalSection(SolutionConfigurationPlatforms) = preSolution
		Debug|Any CPU = Debug|Any CPU
		Debug|x64 = Debug|x64
		Debug|x86 = Debug|x86
		Release|Any CPU = Release|Any CPU
		Release|x64 = Release|x64
		Release|x86 = Release|x86
	EndGlobalSection
	GlobalSection(ProjectConfigurationPlatforms) = postSolution
		{1AD96CDA-F196-42B3-A11D-A0582FEB42DC}.Debug|Any CPU.ActiveCfg = Debug|Any CPU
		{1AD96CDA-F196-42B3-A11D-A0582FEB42DC}.Debug|Any CPU.Build.0 = Debug|Any CPU
		{1AD96CDA-F196-42B3-A11D-A0582FEB42DC}.Debug|x64.ActiveCfg = Debug|Any CPU
		{1AD96CDA-F196-42B3-A11D-A0582FEB42DC}.Debug|x64.Build.0 = Debug|Any CPU
		{1AD96CDA-F196-42B3-A11D-A0582FEB42DC}.Debug|x86.ActiveCfg = Debug|Any CPU
		{1AD96CDA-F196-42B3-A11D-A0582FEB42DC}.Debug|x86.Build.0 = Debug|Any CPU
		{1AD96CDA-F196-42B3-A11D-A0582FEB42DC}.Release|Any CPU.ActiveCfg = Release|Any CPU
		{1AD96CDA-F196-42B3-A11D-A0582FEB42DC}.Release|Any CPU.Build.0 = Release|Any CPU
		{1AD96CDA-F196-42B3-A11D-A0582FEB42DC}.Release|x64.ActiveCfg = Release|Any CPU
		{1AD96CDA-F196-42B3-A11D-A0582FEB42DC}.Release|x64.Build.0 = Release|Any CPU
		{1AD96CDA-F196-42B3-A11D-A0582FEB42DC}.Release|x86.ActiveCfg = Release|Any CPU
		{1AD96CDA-F196-42B3-A11D-A0582FEB42DC}.Release|x86.Build.0 = Release|Any CPU
		{B86BBBD8-9460-40A0-9EA3-79EF4BFEE10F}.Debug|Any CPU.ActiveCfg = Debug|Any CPU
		{B86BBBD8-9460-40A0-9EA3-79EF4BFEE10F}.Debug|Any CPU.Build.0 = Debug|Any CPU
		{B86BBBD8-9460-40A0-9EA3-79EF4BFEE10F}.Debug|x64.ActiveCfg = Debug|Any CPU
		{B86BBBD8-9460-40A0-9EA3-79EF4BFEE10F}.Debug|x64.Build.0 = Debug|Any CPU
		{B86BBBD8-9460-40A0-9EA3-79EF4BFEE10F}.Debug|x86.ActiveCfg = Debug|Any CPU
		{B86BBBD8-9460-40A0-9EA3-79EF4BFEE10F}.Debug|x86.Build.0 = Debug|Any CPU
		{B86BBBD8-9460-40A0-9EA3-79EF4BFEE10F}.Release|Any CPU.ActiveCfg = Release|Any CPU
		{B86BBBD8-9460-40A0-9EA3-79EF4BFEE10F}.Release|Any CPU.Build.0 = Release|Any CPU
		{B86BBBD8-9460-40A0-9EA3-79EF4BFEE10F}.Release|x64.ActiveCfg = Release|Any CPU
		{B86BBBD8-9460-40A0-9EA3-79EF4BFEE10F}.Release|x64.Build.0 = Release|Any CPU
		{B86BBBD8-9460-40A0-9EA3-79EF4BFEE10F}.Release|x86.ActiveCfg = Release|Any CPU
		{B86BBBD8-9460-40A0-9EA3-79EF4BFEE10F}.Release|x86.Build.0 = Release|Any CPU
	EndGlobalSection
	GlobalSection(SolutionProperties) = preSolution
		HideSolutionNode = FALSE
	EndGlobalSection
	GlobalSection(ExtensibilityGlobals) = postSolution
		SolutionGuid = {040A2E9D-6E57-415A-81B1-4268F85619DF}
	EndGlobalSection
EndGlobal
